
Microsoft Visual Studio Solution File, Format Version 10.00
# Visual Studio 2008
Project("{8BC9CEB8-8B4A-11D0-8D11-00A0C91BC942}") = "rtftest2", "rtftest2\rtftest2.vcproj", "{E6623073-7583-4294-AE51-573D1D9520E8}"
EndProject
Global
	GlobalSection(SolutionConfigurationPlatforms) = preSolution
		Debug|Win32 = Debug|Win32
		Release|Win32 = Release|Win32
	EndGlobalSection
	GlobalSection(ProjectConfigurationPlatforms) = postSolution
		{E6623073-7583-4294-AE51-573D1D9520E8}.Debug|Win32.ActiveCfg = Debug|Win32
		{E6623073-7583-4294-AE51-573D1D9520E8}.Debug|Win32.Build.0 = Debug|Win32
		{E6623073-7583-4294-AE51-573D1D9520E8}.Release|Win32.ActiveCfg = Release|Win32
		{E6623073-7583-4294-AE51-573D1D9520E8}.Release|Win32.Build.0 = Release|Win32
	EndGlobalSection
	GlobalSection(SolutionProperties) = preSolution
		HideSolutionNode = FALSE
	EndGlobalSection
EndGlobal
